// !$*UTF8*$!
{
	archiveVersion = 1;
	classes = {
	};
	objectVersion = 55;
	objects = {

/* Begin PBXBuildFile section */
		2E8BC47F27FB6AD6000E578E /* AppDelegate.swift in Sources */ = {isa = PBXBuildFile; fileRef = 2E8BC47E27FB6AD6000E578E /* AppDelegate.swift */; };
		2E8BC48127FB6AD6000E578E /* SceneDelegate.swift in Sources */ = {isa = PBXBuildFile; fileRef = 2E8BC48027FB6AD6000E578E /* SceneDelegate.swift */; };
		2E8BC48327FB6AD6000E578E /* ViewController.swift in Sources */ = {isa = PBXBuildFile; fileRef = 2E8BC48227FB6AD6000E578E /* ViewController.swift */; };
		2E8BC48627FB6AD6000E578E /* Main.storyboard in Resources */ = {isa = PBXBuildFile; fileRef = 2E8BC48427FB6AD6000E578E /* Main.storyboard */; };
		2E8BC48927FB6AD6000E578E /* MAD_Ind04_Maples_Jordan.xcdatamodeld in Sources */ = {isa = PBXBuildFile; fileRef = 2E8BC48727FB6AD6000E578E /* MAD_Ind04_Maples_Jordan.xcdatamodeld */; };
		2E8BC48B27FB6ADC000E578E /* Assets.xcassets in Resources */ = {isa = PBXBuildFile; fileRef = 2E8BC48A27FB6ADC000E578E /* Assets.xcassets */; };
		2E8BC48E27FB6ADC000E578E /* LaunchScreen.storyboard in Resources */ = {isa = PBXBuildFile; fileRef = 2E8BC48C27FB6ADC000E578E /* LaunchScreen.storyboard */; };
		2E8BC49627FB6CDC000E578E /* statesMAD.swift in Sources */ = {isa = PBXBuildFile; fileRef = 2E8BC49527FB6CDC000E578E /* statesMAD.swift */; };
		2E8BC49827FB7834000E578E /* apiService.swift in Sources */ = {isa = PBXBuildFile; fileRef = 2E8BC49727FB7834000E578E /* apiService.swift */; };
		2E8BC49A27FB9177000E578E /* StateViewModel.swift in Sources */ = {isa = PBXBuildFile; fileRef = 2E8BC49927FB9177000E578E /* StateViewModel.swift */; };
/* End PBXBuildFile section */

/* Begin PBXFileReference section */
		2E8BC47B27FB6AD6000E578E /* MAD_Ind04_Maples_Jordan.app */ = {isa = PBXFileReference; explicitFileType = wrapper.application; includeInIndex = 0; path = MAD_Ind04_Maples_Jordan.app; sourceTree = BUILT_PRODUCTS_DIR; };
		2E8BC47E27FB6AD6000E578E /* AppDelegate.swift */ = {isa = PBXFileReference; lastKnownFileType = sourcecode.swift; path = AppDelegate.swift; sourceTree = "<group>"; };
		2E8BC48027FB6AD6000E578E /* SceneDelegate.swift */ = {isa = PBXFileReference; lastKnownFileType = sourcecode.swift; path = SceneDelegate.swift; sourceTree = "<group>"; };
		2E8BC48227FB6AD6000E578E /* ViewController.swift */ = {isa = PBXFileReference; lastKnownFileType = sourcecode.swift; path = ViewController.swift; sourceTree = "<group>"; };
		2E8BC48527FB6AD6000E578E /* Base */ = {isa = PBXFileReference; lastKnownFileType = file.storyboard; name = Base; path = Base.lproj/Main.storyboard; sourceTree = "<group>"; };
		2E8BC48827FB6AD6000E578E /* MAD_Ind04_Maples_Jordan.xcdatamodel */ = {isa = PBXFileReference; lastKnownFileType = wrapper.xcdatamodel; path = MAD_Ind04_Maples_Jordan.xcdatamodel; sourceTree = "<group>"; };
		2E8BC48A27FB6ADC000E578E /* Assets.xcassets */ = {isa = PBXFileReference; lastKnownFileType = folder.assetcatalog; path = Assets.xcassets; sourceTree = "<group>"; };
		2E8BC48D27FB6ADC000E578E /* Base */ = {isa = PBXFileReference; lastKnownFileType = file.storyboard; name = Base; path = Base.lproj/LaunchScreen.storyboard; sourceTree = "<group>"; };
		2E8BC48F27FB6ADC000E578E /* Info.plist */ = {isa = PBXFileReference; lastKnownFileType = text.plist.xml; path = Info.plist; sourceTree = "<group>"; };
		2E8BC49527FB6CDC000E578E /* statesMAD.swift */ = {isa = PBXFileReference; lastKnownFileType = sourcecode.swift; path = statesMAD.swift; sourceTree = "<group>"; };
		2E8BC49727FB7834000E578E /* apiService.swift */ = {isa = PBXFileReference; lastKnownFileType = sourcecode.swift; path = apiService.swift; sourceTree = "<group>"; };
		2E8BC49927FB9177000E578E /* StateViewModel.swift */ = {isa = PBXFileReference; lastKnownFileType = sourcecode.swift; path = StateViewModel.swift; sourceTree = "<group>"; };
/* End PBXFileReference section */

/* Begin PBXFrameworksBuildPhase section */
		2E8BC47827FB6AD6000E578E /* Frameworks */ = {
			isa = PBXFrameworksBuildPhase;
			buildActionMask = 2147483647;
			files = (
			);
			runOnlyForDeploymentPostprocessing = 0;
		};
/* End PBXFrameworksBuildPhase section */

/* Begin PBXGroup section */
		2E8BC47227FB6AD6000E578E = {
			isa = PBXGroup;
			children = (
				2E8BC47D27FB6AD6000E578E /* MAD_Ind04_Maples_Jordan */,
				2E8BC47C27FB6AD6000E578E /* Products */,
			);
			sourceTree = "<group>";
		};
		2E8BC47C27FB6AD6000E578E /* Products */ = {
			isa = PBXGroup;
			children = (
				2E8BC47B27FB6AD6000E578E /* MAD_Ind04_Maples_Jordan.app */,
			);
			name = Products;
			sourceTree = "<group>";
		};
		2E8BC47D27FB6AD6000E578E /* MAD_Ind04_Maples_Jordan */ = {
			isa = PBXGroup;
			children = (
				2E8BC47E27FB6AD6000E578E /* AppDelegate.swift */,
				2E8BC48027FB6AD6000E578E /* SceneDelegate.swift */,
				2E8BC49727FB7834000E578E /* apiService.swift */,
				2E8BC49927FB9177000E578E /* StateViewModel.swift */,
				2E8BC49527FB6CDC000E578E /* statesMAD.swift */,
				2E8BC48227FB6AD6000E578E /* ViewController.swift */,
				2E8BC48427FB6AD6000E578E /* Main.storyboard */,
				2E8BC48A27FB6ADC000E578E /* Assets.xcassets */,
				2E8BC48C27FB6ADC000E578E /* LaunchScreen.storyboard */,
				2E8BC48F27FB6ADC000E578E /* Info.plist */,
				2E8BC48727FB6AD6000E578E /* MAD_Ind04_Maples_Jordan.xcdatamodeld */,
			);
			path = MAD_Ind04_Maples_Jordan;
			sourceTree = "<group>";
		};
/* End PBXGroup section */

/* Begin PBXNativeTarget section */
		2E8BC47A27FB6AD6000E578E /* MAD_Ind04_Maples_Jordan */ = {
			isa = PBXNativeTarget;
			buildConfigurationList = 2E8BC49227FB6ADC000E578E /* Build configuration list for PBXNativeTarget "MAD_Ind04_Maples_Jordan" */;
			buildPhases = (
				2E8BC47727FB6AD6000E578E /* Sources */,
				2E8BC47827FB6AD6000E578E /* Frameworks */,
				2E8BC47927FB6AD6000E578E /* Resources */,
			);
			buildRules = (
			);
			dependencies = (
			);
			name = MAD_Ind04_Maples_Jordan;
			productName = MAD_Ind04_Maples_Jordan;
			productReference = 2E8BC47B27FB6AD6000E578E /* MAD_Ind04_Maples_Jordan.app */;
			productType = "com.apple.product-type.application";
		};
/* End PBXNativeTarget section */

/* Begin PBXProject section */
		2E8BC47327FB6AD6000E578E /* Project object */ = {
			isa = PBXProject;
			attributes = {
				BuildIndependentTargetsInParallel = 1;
				LastSwiftUpdateCheck = 1330;
				LastUpgradeCheck = 1330;
				TargetAttributes = {
					2E8BC47A27FB6AD6000E578E = {
						CreatedOnToolsVersion = 13.3;
					};
				};
			};
			buildConfigurationList = 2E8BC47627FB6AD6000E578E /* Build configuration list for PBXProject "MAD_Ind04_Maples_Jordan" */;
			compatibilityVersion = "Xcode 13.0";
			developmentRegion = en;
			hasScannedForEncodings = 0;
			knownRegions = (
				en,
				Base,
			);
			mainGroup = 2E8BC47227FB6AD6000E578E;
			productRefGroup = 2E8BC47C27FB6AD6000E578E /* Products */;
			projectDirPath = "";
			projectRoot = "";
			targets = (
				2E8BC47A27FB6AD6000E578E /* MAD_Ind04_Maples_Jordan */,
			);
		};
/* End PBXProject section */

/* Begin PBXResourcesBuildPhase section */
		2E8BC47927FB6AD6000E578E /* Resources */ = {
			isa = PBXResourcesBuildPhase;
			buildActionMask = 2147483647;
			files = (
				2E8BC48E27FB6ADC000E578E /* LaunchScreen.storyboard in Resources */,
				2E8BC48B27FB6ADC000E578E /* Assets.xcassets in Resources */,
				2E8BC48627FB6AD6000E578E /* Main.storyboard in Resources */,
			);
			runOnlyForDeploymentPostprocessing = 0;
		};
/* End PBXResourcesBuildPhase section */

/* Begin PBXSourcesBuildPhase section */
		2E8BC47727FB6AD6000E578E /* Sources */ = {
			isa = PBXSourcesBuildPhase;
			buildActionMask = 2147483647;
			files = (
				2E8BC49827FB7834000E578E /* apiService.swift in Sources */,
				2E8BC48327FB6AD6000E578E /* ViewController.swift in Sources */,
				2E8BC47F27FB6AD6000E578E /* AppDelegate.swift in Sources */,
				2E8BC49627FB6CDC000E578E /* statesMAD.swift in Sources */,
				2E8BC48927FB6AD6000E578E /* MAD_Ind04_Maples_Jordan.xcdatamodeld in Sources */,
				2E8BC48127FB6AD6000E578E /* SceneDelegate.swift in Sources */,
				2E8BC49A27FB9177000E578E /* StateViewModel.swift in Sources */,
			);
			runOnlyForDeploymentPostprocessing = 0;
		};
/* End PBXSourcesBuildPhase section */

/* Begin PBXVariantGroup section */
		2E8BC48427FB6AD6000E578E /* Main.storyboard */ = {
			isa = PBXVariantGroup;
			children = (
				2E8BC48527FB6AD6000E578E /* Base */,
			);
			name = Main.storyboard;
			sourceTree = "<group>";
		};
		2E8BC48C27FB6ADC000E578E /* LaunchScreen.storyboard */ = {
			isa = PBXVariantGroup;
			children = (
				2E8BC48D27FB6ADC000E578E /* Base */,
			);
			name = LaunchScreen.storyboard;
			sourceTree = "<group>";
		};
/* End PBXVariantGroup section */

/* Begin XCBuildConfiguration section */
		2E8BC49027FB6ADC000E578E /* Debug */ = {
			isa = XCBuildConfiguration;
			buildSettings = {
				ALWAYS_SEARCH_USER_PATHS = NO;
				CLANG_ANALYZER_NONNULL = YES;
				CLANG_ANALYZER_NUMBER_OBJECT_CONVERSION = YES_AGGRESSIVE;
				CLANG_CXX_LANGUAGE_STANDARD = "gnu++17";
				CLANG_ENABLE_MODULES = YES;
				CLANG_ENABLE_OBJC_ARC = YES;
				CLANG_ENABLE_OBJC_WEAK = YES;
				CLANG_WARN_BLOCK_CAPTURE_AUTORELEASING = YES;
				CLANG_WARN_BOOL_CONVERSION = YES;
				CLANG_WARN_COMMA = YES;
				CLANG_WARN_CONSTANT_CONVERSION = YES;
				CLANG_WARN_DEPRECATED_OBJC_IMPLEMENTATIONS = YES;
				CLANG_WARN_DIRECT_OBJC_ISA_USAGE = YES_ERROR;
				CLANG_WARN_DOCUMENTATION_COMMENTS = YES;
				CLANG_WARN_EMPTY_BODY = YES;
				CLANG_WARN_ENUM_CONVERSION = YES;
				CLANG_WARN_INFINITE_RECURSION = YES;
				CLANG_WARN_INT_CONVERSION = YES;
				CLANG_WARN_NON_LITERAL_NULL_CONVERSION = YES;
				CLANG_WARN_OBJC_IMPLICIT_RETAIN_SELF = YES;
				CLANG_WARN_OBJC_LITERAL_CONVERSION = YES;
				CLANG_WARN_OBJC_ROOT_CLASS = YES_ERROR;
				CLANG_WARN_QUOTED_INCLUDE_IN_FRAMEWORK_HEADER = YES;
				CLANG_WARN_RANGE_LOOP_ANALYSIS = YES;
				CLANG_WARN_STRICT_PROTOTYPES = YES;
				CLANG_WARN_SUSPICIOUS_MOVE = YES;
				CLANG_WARN_UNGUARDED_AVAILABILITY = YES_AGGRESSIVE;
				CLANG_WARN_UNREACHABLE_CODE = YES;
				CLANG_WARN__DUPLICATE_METHOD_MATCH = YES;
				COPY_PHASE_STRIP = NO;
				DEBUG_INFORMATION_FORMAT = dwarf;
				ENABLE_STRICT_OBJC_MSGSEND = YES;
				ENABLE_TESTABILITY = YES;
				GCC_C_LANGUAGE_STANDARD = gnu11;
				GCC_DYNAMIC_NO_PIC = NO;
				GCC_NO_COMMON_BLOCKS = YES;
				GCC_OPTIMIZATION_LEVEL = 0;
				GCC_PREPROCESSOR_DEFINITIONS = (
					"DEBUG=1",
					"$(inherited)",
				);
				GCC_WARN_64_TO_32_BIT_CONVERSION = YES;
				GCC_WARN_ABOUT_RETURN_TYPE = YES_ERROR;
				GCC_WARN_UNDECLARED_SELECTOR = YES;
				GCC_WARN_UNINITIALIZED_AUTOS = YES_AGGRESSIVE;
				GCC_WARN_UNUSED_FUNCTION = YES;
				GCC_WARN_UNUSED_VARIABLE = YES;
				IPHONEOS_DEPLOYMENT_TARGET = 15.4;
				MTL_ENABLE_DEBUG_INFO = INCLUDE_SOURCE;
				MTL_FAST_MATH = YES;
				ONLY_ACTIVE_ARCH = YES;
				SDKROOT = iphoneos;
				SWIFT_ACTIVE_COMPILATION_CONDITIONS = DEBUG;
				SWIFT_OPTIMIZATION_LEVEL = "-Onone";
			};
			name = Debug;
		};
		2E8BC49127FB6ADC000E578E /* Release */ = {
			isa = XCBuildConfiguration;
			buildSettings = {
				ALWAYS_SEARCH_USER_PATHS = NO;
				CLANG_ANALYZER_NONNULL = YES;
				CLANG_ANALYZER_NUMBER_OBJECT_CONVERSION = YES_AGGRESSIVE;
				CLANG_CXX_LANGUAGE_STANDARD = "gnu++17";
				CLANG_ENABLE_MODULES = YES;
				CLANG_ENABLE_OBJC_ARC = YES;
				CLANG_ENABLE_OBJC_WEAK = YES;
				CLANG_WARN_BLOCK_CAPTURE_AUTORELEASING = YES;
				CLANG_WARN_BOOL_CONVERSION = YES;
				CLANG_WARN_COMMA = YES;
				CLANG_WARN_CONSTANT_CONVERSION = YES;
				CLANG_WARN_DEPRECATED_OBJC_IMPLEMENTATIONS = YES;
				CLANG_WARN_DIRECT_OBJC_ISA_USAGE = YES_ERROR;
				CLANG_WARN_DOCUMENTATION_COMMENTS = YES;
				CLANG_WARN_EMPTY_BODY = YES;
				CLANG_WARN_ENUM_CONVERSION = YES;
				CLANG_WARN_INFINITE_RECURSION = YES;
				CLANG_WARN_INT_CONVERSION = YES;
				CLANG_WARN_NON_LITERAL_NULL_CONVERSION = YES;
				CLANG_WARN_OBJC_IMPLICIT_RETAIN_SELF = YES;
				CLANG_WARN_OBJC_LITERAL_CONVERSION = YES;
				CLANG_WARN_OBJC_ROOT_CLASS = YES_ERROR;
				CLANG_WARN_QUOTED_INCLUDE_IN_FRAMEWORK_HEADER = YES;
				CLANG_WARN_RANGE_LOOP_ANALYSIS = YES;
				CLANG_WARN_STRICT_PROTOTYPES = YES;
				CLANG_WARN_SUSPICIOUS_MOVE = YES;
				CLANG_WARN_UNGUARDED_AVAILABILITY = YES_AGGRESSIVE;
				CLANG_WARN_UNREACHABLE_CODE = YES;
				CLANG_WARN__DUPLICATE_METHOD_MATCH = YES;
				COPY_PHASE_STRIP = NO;
				DEBUG_INFORMATION_FORMAT = "dwarf-with-dsym";
				ENABLE_NS_ASSERTIONS = NO;
				ENABLE_STRICT_OBJC_MSGSEND = YES;
				GCC_C_LANGUAGE_STANDARD = gnu11;
				GCC_NO_COMMON_BLOCKS = YES;
				GCC_WARN_64_TO_32_BIT_CONVERSION = YES;
				GCC_WARN_ABOUT_RETURN_TYPE = YES_ERROR;
				GCC_WARN_UNDECLARED_SELECTOR = YES;
				GCC_WARN_UNINITIALIZED_AUTOS = YES_AGGRESSIVE;
				GCC_WARN_UNUSED_FUNCTION = YES;
				GCC_WARN_UNUSED_VARIABLE = YES;
				IPHONEOS_DEPLOYMENT_TARGET = 15.4;
				MTL_ENABLE_DEBUG_INFO = NO;
				MTL_FAST_MATH = YES;
				SDKROOT = iphoneos;
				SWIFT_COMPILATION_MODE = wholemodule;
				SWIFT_OPTIMIZATION_LEVEL = "-O";
				VALIDATE_PRODUCT = YES;
			};
			name = Release;
		};
		2E8BC49327FB6ADC000E578E /* Debug */ = {
			isa = XCBuildConfiguration;
			buildSettings = {
				ASSETCATALOG_COMPILER_APPICON_NAME = AppIcon;
				ASSETCATALOG_COMPILER_GLOBAL_ACCENT_COLOR_NAME = AccentColor;
				CODE_SIGN_STYLE = Automatic;
				CURRENT_PROJECT_VERSION = 1;
				GENERATE_INFOPLIST_FILE = YES;
				INFOPLIST_FILE = MAD_Ind04_Maples_Jordan/Info.plist;
				INFOPLIST_KEY_UIApplicationSupportsIndirectInputEvents = YES;
				INFOPLIST_KEY_UILaunchStoryboardName = LaunchScreen;
				INFOPLIST_KEY_UIMainStoryboardFile = Main;
				INFOPLIST_KEY_UISupportedInterfaceOrientations_iPad = "UIInterfaceOrientationPortrait UIInterfaceOrientationPortraitUpsideDown UIInterfaceOrientationLandscapeLeft UIInterfaceOrientationLandscapeRight";
				INFOPLIST_KEY_UISupportedInterfaceOrientations_iPhone = "UIInterfaceOrientationPortrait UIInterfaceOrientationLandscapeLeft UIInterfaceOrientationLandscapeRight";
				LD_RUNPATH_SEARCH_PATHS = (
					"$(inherited)",
					"@executable_path/Frameworks",
				);
				MARKETING_VERSION = 1.0;
				PRODUCT_BUNDLE_IDENTIFIER = "edu.okstate.computerscience.bem.MAD-Ind04-Maples-Jordan";
				PRODUCT_NAME = "$(TARGET_NAME)";
				SWIFT_EMIT_LOC_STRINGS = YES;
				SWIFT_VERSION = 5.0;
				TARGETED_DEVICE_FAMILY = "1,2";
			};
			name = Debug;
		};
		2E8BC49427FB6ADC000E578E /* Release */ = {
			isa = XCBuildConfiguration;
			buildSettings = {
				ASSETCATALOG_COMPILER_APPICON_NAME = AppIcon;
				ASSETCATALOG_COMPILER_GLOBAL_ACCENT_COLOR_NAME = AccentColor;
				CODE_SIGN_STYLE = Automatic;
				CURRENT_PROJECT_VERSION = 1;
				GENERATE_INFOPLIST_FILE = YES;
				INFOPLIST_FILE = MAD_Ind04_Maples_Jordan/Info.plist;
				INFOPLIST_KEY_UIApplicationSupportsIndirectInputEvents = YES;
				INFOPLIST_KEY_UILaunchStoryboardName = LaunchScreen;
				INFOPLIST_KEY_UIMainStoryboardFile = Main;
				INFOPLIST_KEY_UISupportedInterfaceOrientations_iPad = "UIInterfaceOrientationPortrait UIInterfaceOrientationPortraitUpsideDown UIInterfaceOrientationLandscapeLeft UIInterfaceOrientationLandscapeRight";
				INFOPLIST_KEY_UISupportedInterfaceOrientations_iPhone = "UIInterfaceOrientationPortrait UIInterfaceOrientationLandscapeLeft UIInterfaceOrientationLandscapeRight";
				LD_RUNPATH_SEARCH_PATHS = (
					"$(inherited)",
					"@executable_path/Frameworks",
				);
				MARKETING_VERSION = 1.0;
				PRODUCT_BUNDLE_IDENTIFIER = "edu.okstate.computerscience.bem.MAD-Ind04-Maples-Jordan";
				PRODUCT_NAME = "$(TARGET_NAME)";
				SWIFT_EMIT_LOC_STRINGS = YES;
				SWIFT_VERSION = 5.0;
				TARGETED_DEVICE_FAMILY = "1,2";
			};
			name = Release;
		};
/* End XCBuildConfiguration section */

/* Begin XCConfigurationList section */
		2E8BC47627FB6AD6000E578E /* Build configuration list for PBXProject "MAD_Ind04_Maples_Jordan" */ = {
			isa = XCConfigurationList;
			buildConfigurations = (
				2E8BC49027FB6ADC000E578E /* Debug */,
				2E8BC49127FB6ADC000E578E /* Release */,
			);
			defaultConfigurationIsVisible = 0;
			defaultConfigurationName = Release;
		};
		2E8BC49227FB6ADC000E578E /* Build configuration list for PBXNativeTarget "MAD_Ind04_Maples_Jordan" */ = {
			isa = XCConfigurationList;
			buildConfigurations = (
				2E8BC49327FB6ADC000E578E /* Debug */,
				2E8BC49427FB6ADC000E578E /* Release */,
			);
			defaultConfigurationIsVisible = 0;
			defaultConfigurationName = Release;
		};
/* End XCConfigurationList section */

/* Begin XCVersionGroup section */
		2E8BC48727FB6AD6000E578E /* MAD_Ind04_Maples_Jordan.xcdatamodeld */ = {
			isa = XCVersionGroup;
			children = (
				2E8BC48827FB6AD6000E578E /* MAD_Ind04_Maples_Jordan.xcdatamodel */,
			);
			currentVersion = 2E8BC48827FB6AD6000E578E /* MAD_Ind04_Maples_Jordan.xcdatamodel */;
			path = MAD_Ind04_Maples_Jordan.xcdatamodeld;
			sourceTree = "<group>";
			versionGroupType = wrapper.xcdatamodel;
		};
/* End XCVersionGroup section */
	};
	rootObject = 2E8BC47327FB6AD6000E578E /* Project object */;
}
